
Microsoft Visual Studio Solution File, Format Version 12.00
# Visual Studio 2012
Project("{8BC9CEB8-8B4A-11D0-8D11-00A0C91BC942}") = "XML_TEST", "XML_TEST\XML_TEST.vcxproj", "{D257D611-E54E-41F4-8F9E-9CB314B1DE89}"
EndProject
Global
	GlobalSection(SolutionConfigurationPlatforms) = preSolution
		Debug|Win32 = Debug|Win32
		Release|Win32 = Release|Win32
	EndGlobalSection
	GlobalSection(ProjectConfigurationPlatforms) = postSolution
		{D257D611-E54E-41F4-8F9E-9CB314B1DE89}.Debug|Win32.ActiveCfg = Debug|Win32
		{D257D611-E54E-41F4-8F9E-9CB314B1DE89}.Debug|Win32.Build.0 = Debug|Win32
		{D257D611-E54E-41F4-8F9E-9CB314B1DE89}.Release|Win32.ActiveCfg = Release|Win32
		{D257D611-E54E-41F4-8F9E-9CB314B1DE89}.Release|Win32.Build.0 = Release|Win32
	EndGlobalSection
	GlobalSection(SolutionProperties) = preSolution
		HideSolutionNode = FALSE
	EndGlobalSection
EndGlobal
